
Microsoft Visual Studio Solution File, Format Version 10.00
# Visual Studio 2008
# SharpDevelop 4.2.2.8818
Project("{FAE04EC0-301F-11D3-BF4B-00C04F79EFBC}") = "tcplistener", "tcplistener\tcplistener.csproj", "{E417852B-62B6-4D17-9FB6-7D559F440A8B}"
EndProject
Project("{FAE04EC0-301F-11D3-BF4B-00C04F79EFBC}") = "tcpsender", "..\tcpsender\tcpsender.csproj", "{96CA60BB-A825-45BA-96F8-F4506A2F7991}"
EndProject
Global
	GlobalSection(SolutionConfigurationPlatforms) = preSolution
		Debug|x86 = Debug|x86
		Release|x86 = Release|x86
	EndGlobalSection
	GlobalSection(ProjectConfigurationPlatforms) = postSolution
		{E417852B-62B6-4D17-9FB6-7D559F440A8B}.Debug|x86.Build.0 = Debug|x86
		{E417852B-62B6-4D17-9FB6-7D559F440A8B}.Debug|x86.ActiveCfg = Debug|x86
		{E417852B-62B6-4D17-9FB6-7D559F440A8B}.Release|x86.Build.0 = Release|x86
		{E417852B-62B6-4D17-9FB6-7D559F440A8B}.Release|x86.ActiveCfg = Release|x86
		{96CA60BB-A825-45BA-96F8-F4506A2F7991}.Debug|x86.Build.0 = Debug|x86
		{96CA60BB-A825-45BA-96F8-F4506A2F7991}.Debug|x86.ActiveCfg = Debug|x86
		{96CA60BB-A825-45BA-96F8-F4506A2F7991}.Release|x86.Build.0 = Release|x86
		{96CA60BB-A825-45BA-96F8-F4506A2F7991}.Release|x86.ActiveCfg = Release|x86
	EndGlobalSection
EndGlobal
